
Microsoft Visual Studio Solution File, Format Version 12.00
# Visual Studio 14
VisualStudioVersion = 14.0.25420.1
MinimumVisualStudioVersion = 10.0.40219.1
Project("{FAE04EC0-301F-11D3-BF4B-00C04F79EFBC}") = "LoginRegisterMVCProject", "LoginRegisterMVCProject\LoginRegisterMVCProject.csproj", "{0101AB1D-0727-48FA-94B5-743D50B519D4}"
EndProject
Project("{FAE04EC0-301F-11D3-BF4B-00C04F79EFBC}") = "Business", "Business\Business.csproj", "{91B4C786-32EC-4B0B-8F35-4DC647F42699}"
EndProject
Project("{FAE04EC0-301F-11D3-BF4B-00C04F79EFBC}") = "Data", "Data\Data.csproj", "{6C2A007C-818D-4F78-ACF2-EB31656C2C36}"
EndProject
Project("{FAE04EC0-301F-11D3-BF4B-00C04F79EFBC}") = "Shared", "Shared\Shared.csproj", "{AE180A61-0477-4E99-804C-F593FDAE569D}"
EndProject
Project("{2150E333-8FDC-42A3-9474-1A3956D46DE8}") = "2.Business Domain", "2.Business Domain", "{06BF2172-5A66-4421-8B79-047A0A297CDF}"
EndProject
Project("{2150E333-8FDC-42A3-9474-1A3956D46DE8}") = "3.Data Domain", "3.Data Domain", "{397EA2BD-3080-4E99-A0C1-54DA3B83C552}"
EndProject
Project("{2150E333-8FDC-42A3-9474-1A3956D46DE8}") = "1.Presentation", "1.Presentation", "{43412D7C-2942-4840-BDF6-15C0E3E3A05D}"
EndProject
Project("{2150E333-8FDC-42A3-9474-1A3956D46DE8}") = "4.Shared Domain", "4.Shared Domain", "{1E60E99D-B757-474C-A400-FA46A04DD712}"
EndProject
Project("{00D1A9C2-B5F0-4AF3-8072-F6C62B433612}") = "LoginRegisterMVCDb", "LoginRegisterMVCDb\LoginRegisterMVCDb.sqlproj", "{D2F854A8-C2D6-4811-B2EB-D5931008A8C2}"
EndProject
Project("{2150E333-8FDC-42A3-9474-1A3956D46DE8}") = "SQLProject", "SQLProject", "{164E8E49-3AE6-4C28-B29D-3C6414F1B98C}"
EndProject
Global
	GlobalSection(SolutionConfigurationPlatforms) = preSolution
		Debug|Any CPU = Debug|Any CPU
		Release|Any CPU = Release|Any CPU
	EndGlobalSection
	GlobalSection(ProjectConfigurationPlatforms) = postSolution
		{0101AB1D-0727-48FA-94B5-743D50B519D4}.Debug|Any CPU.ActiveCfg = Debug|Any CPU
		{0101AB1D-0727-48FA-94B5-743D50B519D4}.Debug|Any CPU.Build.0 = Debug|Any CPU
		{0101AB1D-0727-48FA-94B5-743D50B519D4}.Release|Any CPU.ActiveCfg = Release|Any CPU
		{0101AB1D-0727-48FA-94B5-743D50B519D4}.Release|Any CPU.Build.0 = Release|Any CPU
		{91B4C786-32EC-4B0B-8F35-4DC647F42699}.Debug|Any CPU.ActiveCfg = Debug|Any CPU
		{91B4C786-32EC-4B0B-8F35-4DC647F42699}.Debug|Any CPU.Build.0 = Debug|Any CPU
		{91B4C786-32EC-4B0B-8F35-4DC647F42699}.Release|Any CPU.ActiveCfg = Release|Any CPU
		{91B4C786-32EC-4B0B-8F35-4DC647F42699}.Release|Any CPU.Build.0 = Release|Any CPU
		{6C2A007C-818D-4F78-ACF2-EB31656C2C36}.Debug|Any CPU.ActiveCfg = Debug|Any CPU
		{6C2A007C-818D-4F78-ACF2-EB31656C2C36}.Debug|Any CPU.Build.0 = Debug|Any CPU
		{6C2A007C-818D-4F78-ACF2-EB31656C2C36}.Release|Any CPU.ActiveCfg = Release|Any CPU
		{6C2A007C-818D-4F78-ACF2-EB31656C2C36}.Release|Any CPU.Build.0 = Release|Any CPU
		{AE180A61-0477-4E99-804C-F593FDAE569D}.Debug|Any CPU.ActiveCfg = Debug|Any CPU
		{AE180A61-0477-4E99-804C-F593FDAE569D}.Debug|Any CPU.Build.0 = Debug|Any CPU
		{AE180A61-0477-4E99-804C-F593FDAE569D}.Release|Any CPU.ActiveCfg = Release|Any CPU
		{AE180A61-0477-4E99-804C-F593FDAE569D}.Release|Any CPU.Build.0 = Release|Any CPU
		{D2F854A8-C2D6-4811-B2EB-D5931008A8C2}.Debug|Any CPU.ActiveCfg = Debug|Any CPU
		{D2F854A8-C2D6-4811-B2EB-D5931008A8C2}.Debug|Any CPU.Build.0 = Debug|Any CPU
		{D2F854A8-C2D6-4811-B2EB-D5931008A8C2}.Debug|Any CPU.Deploy.0 = Debug|Any CPU
		{D2F854A8-C2D6-4811-B2EB-D5931008A8C2}.Release|Any CPU.ActiveCfg = Release|Any CPU
		{D2F854A8-C2D6-4811-B2EB-D5931008A8C2}.Release|Any CPU.Build.0 = Release|Any CPU
		{D2F854A8-C2D6-4811-B2EB-D5931008A8C2}.Release|Any CPU.Deploy.0 = Release|Any CPU
	EndGlobalSection
	GlobalSection(SolutionProperties) = preSolution
		HideSolutionNode = FALSE
	EndGlobalSection
	GlobalSection(NestedProjects) = preSolution
		{0101AB1D-0727-48FA-94B5-743D50B519D4} = {43412D7C-2942-4840-BDF6-15C0E3E3A05D}
		{91B4C786-32EC-4B0B-8F35-4DC647F42699} = {06BF2172-5A66-4421-8B79-047A0A297CDF}
		{6C2A007C-818D-4F78-ACF2-EB31656C2C36} = {397EA2BD-3080-4E99-A0C1-54DA3B83C552}
		{AE180A61-0477-4E99-804C-F593FDAE569D} = {1E60E99D-B757-474C-A400-FA46A04DD712}
		{D2F854A8-C2D6-4811-B2EB-D5931008A8C2} = {164E8E49-3AE6-4C28-B29D-3C6414F1B98C}
	EndGlobalSection
	GlobalSection(ExtensibilityGlobals) = postSolution
		SolutionGuid = {7C84E183-B6C7-4C3A-82CE-D93A0236BC75}
	EndGlobalSection
EndGlobal
